
Microsoft Visual Studio Solution File, Format Version 12.00
# Visual Studio 15
VisualStudioVersion = 15.0.28307.645
MinimumVisualStudioVersion = 10.0.40219.1
Project("{9A19103F-16F7-4668-BE54-9A1E7A4F7556}") = "ProjetoAPI", "ProjetoAPI.csproj", "{A15EC36A-3D6B-458A-AA03-1402EAB600CB}"
EndProject
Global
	GlobalSection(SolutionConfigurationPlatforms) = preSolution
		Debug|Any CPU = Debug|Any CPU
		Release|Any CPU = Release|Any CPU
	EndGlobalSection
	GlobalSection(ProjectConfigurationPlatforms) = postSolution
		{A15EC36A-3D6B-458A-AA03-1402EAB600CB}.Debug|Any CPU.ActiveCfg = Debug|Any CPU
		{A15EC36A-3D6B-458A-AA03-1402EAB600CB}.Debug|Any CPU.Build.0 = Debug|Any CPU
		{A15EC36A-3D6B-458A-AA03-1402EAB600CB}.Release|Any CPU.ActiveCfg = Release|Any CPU
		{A15EC36A-3D6B-458A-AA03-1402EAB600CB}.Release|Any CPU.Build.0 = Release|Any CPU
	EndGlobalSection
	GlobalSection(SolutionProperties) = preSolution
		HideSolutionNode = FALSE
	EndGlobalSection
	GlobalSection(ExtensibilityGlobals) = postSolution
		SolutionGuid = {952DD862-E045-4BCE-951C-08A1C7A654D9}
	EndGlobalSection
EndGlobal
